
Microsoft Visual Studio Solution File, Format Version 12.00
# Visual Studio Version 16
VisualStudioVersion = 16.0.31624.102
MinimumVisualStudioVersion = 10.0.40219.1
Project("{FAE04EC0-301F-11D3-BF4B-00C04F79EFBC}") = "Будильник", "Будильник\Будильник.csproj", "{F4BB3A2F-2323-46CF-AD4D-22ADFD94F154}"
EndProject
Global
	GlobalSection(SolutionConfigurationPlatforms) = preSolution
		Debug|Any CPU = Debug|Any CPU
		Release|Any CPU = Release|Any CPU
	EndGlobalSection
	GlobalSection(ProjectConfigurationPlatforms) = postSolution
		{F4BB3A2F-2323-46CF-AD4D-22ADFD94F154}.Debug|Any CPU.ActiveCfg = Debug|Any CPU
		{F4BB3A2F-2323-46CF-AD4D-22ADFD94F154}.Debug|Any CPU.Build.0 = Debug|Any CPU
		{F4BB3A2F-2323-46CF-AD4D-22ADFD94F154}.Release|Any CPU.ActiveCfg = Release|Any CPU
		{F4BB3A2F-2323-46CF-AD4D-22ADFD94F154}.Release|Any CPU.Build.0 = Release|Any CPU
	EndGlobalSection
	GlobalSection(SolutionProperties) = preSolution
		HideSolutionNode = FALSE
	EndGlobalSection
	GlobalSection(ExtensibilityGlobals) = postSolution
		SolutionGuid = {953E8900-C087-496E-B8E5-EDEDBF7871BE}
	EndGlobalSection
EndGlobal
